// !$*UTF8*$!
{
	archiveVersion = 1;
	classes = {
	};
	objectVersion = 50;
	objects = {

/* Begin PBXBuildFile section */
		BCF6C75D25BF15FB008AA01F /* AppDelegate.m in Sources */ = {isa = PBXBuildFile; fileRef = BCF6C75C25BF15FB008AA01F /* AppDelegate.m */; };
		BCF6C76025BF15FB008AA01F /* ViewController.m in Sources */ = {isa = PBXBuildFile; fileRef = BCF6C75F25BF15FB008AA01F /* ViewController.m */; };
		BCF6C76225BF15FD008AA01F /* Assets.xcassets in Resources */ = {isa = PBXBuildFile; fileRef = BCF6C76125BF15FD008AA01F /* Assets.xcassets */; };
		BCF6C76525BF15FD008AA01F /* Main.storyboard in Resources */ = {isa = PBXBuildFile; fileRef = BCF6C76325BF15FD008AA01F /* Main.storyboard */; };
		BCF6C76825BF15FD008AA01F /* main.m in Sources */ = {isa = PBXBuildFile; fileRef = BCF6C76725BF15FD008AA01F /* main.m */; };
		BCF6C77325BF15FD008AA01F /* WHLCameraTests.m in Sources */ = {isa = PBXBuildFile; fileRef = BCF6C77225BF15FD008AA01F /* WHLCameraTests.m */; };
		BCF6C77E25BF15FD008AA01F /* WHLCameraUITests.m in Sources */ = {isa = PBXBuildFile; fileRef = BCF6C77D25BF15FD008AA01F /* WHLCameraUITests.m */; };
/* End PBXBuildFile section */

/* Begin PBXContainerItemProxy section */
		BCF6C76F25BF15FD008AA01F /* PBXContainerItemProxy */ = {
			isa = PBXContainerItemProxy;
			containerPortal = BCF6C75025BF15FB008AA01F /* Project object */;
			proxyType = 1;
			remoteGlobalIDString = BCF6C75725BF15FB008AA01F;
			remoteInfo = WHLCamera;
		};
		BCF6C77A25BF15FD008AA01F /* PBXContainerItemProxy */ = {
			isa = PBXContainerItemProxy;
			containerPortal = BCF6C75025BF15FB008AA01F /* Project object */;
			proxyType = 1;
			remoteGlobalIDString = BCF6C75725BF15FB008AA01F;
			remoteInfo = WHLCamera;
		};
/* End PBXContainerItemProxy section */

/* Begin PBXFileReference section */
		BCF6C75825BF15FB008AA01F /* WHLCamera.app */ = {isa = PBXFileReference; explicitFileType = wrapper.application; includeInIndex = 0; path = WHLCamera.app; sourceTree = BUILT_PRODUCTS_DIR; };
		BCF6C75B25BF15FB008AA01F /* AppDelegate.h */ = {isa = PBXFileReference; lastKnownFileType = sourcecode.c.h; path = AppDelegate.h; sourceTree = "<group>"; };
		BCF6C75C25BF15FB008AA01F /* AppDelegate.m */ = {isa = PBXFileReference; lastKnownFileType = sourcecode.c.objc; path = AppDelegate.m; sourceTree = "<group>"; };
		BCF6C75E25BF15FB008AA01F /* ViewController.h */ = {isa = PBXFileReference; lastKnownFileType = sourcecode.c.h; path = ViewController.h; sourceTree = "<group>"; };
		BCF6C75F25BF15FB008AA01F /* ViewController.m */ = {isa = PBXFileReference; lastKnownFileType = sourcecode.c.objc; path = ViewController.m; sourceTree = "<group>"; };
		BCF6C76125BF15FD008AA01F /* Assets.xcassets */ = {isa = PBXFileReference; lastKnownFileType = folder.assetcatalog; path = Assets.xcassets; sourceTree = "<group>"; };
		BCF6C76425BF15FD008AA01F /* Base */ = {isa = PBXFileReference; lastKnownFileType = file.storyboard; name = Base; path = Base.lproj/Main.storyboard; sourceTree = "<group>"; };
		BCF6C76625BF15FD008AA01F /* Info.plist */ = {isa = PBXFileReference; lastKnownFileType = text.plist.xml; path = Info.plist; sourceTree = "<group>"; };
		BCF6C76725BF15FD008AA01F /* main.m */ = {isa = PBXFileReference; lastKnownFileType = sourcecode.c.objc; path = main.m; sourceTree = "<group>"; };
		BCF6C76925BF15FD008AA01F /* WHLCamera.entitlements */ = {isa = PBXFileReference; lastKnownFileType = text.plist.entitlements; path = WHLCamera.entitlements; sourceTree = "<group>"; };
		BCF6C76E25BF15FD008AA01F /* WHLCameraTests.xctest */ = {isa = PBXFileReference; explicitFileType = wrapper.cfbundle; includeInIndex = 0; path = WHLCameraTests.xctest; sourceTree = BUILT_PRODUCTS_DIR; };
		BCF6C77225BF15FD008AA01F /* WHLCameraTests.m */ = {isa = PBXFileReference; lastKnownFileType = sourcecode.c.objc; path = WHLCameraTests.m; sourceTree = "<group>"; };
		BCF6C77425BF15FD008AA01F /* Info.plist */ = {isa = PBXFileReference; lastKnownFileType = text.plist.xml; path = Info.plist; sourceTree = "<group>"; };
		BCF6C77925BF15FD008AA01F /* WHLCameraUITests.xctest */ = {isa = PBXFileReference; explicitFileType = wrapper.cfbundle; includeInIndex = 0; path = WHLCameraUITests.xctest; sourceTree = BUILT_PRODUCTS_DIR; };
		BCF6C77D25BF15FD008AA01F /* WHLCameraUITests.m */ = {isa = PBXFileReference; lastKnownFileType = sourcecode.c.objc; path = WHLCameraUITests.m; sourceTree = "<group>"; };
		BCF6C77F25BF15FD008AA01F /* Info.plist */ = {isa = PBXFileReference; lastKnownFileType = text.plist.xml; path = Info.plist; sourceTree = "<group>"; };
/* End PBXFileReference section */

/* Begin PBXFrameworksBuildPhase section */
		BCF6C75525BF15FB008AA01F /* Frameworks */ = {
			isa = PBXFrameworksBuildPhase;
			buildActionMask = 2147483647;
			files = (
			);
			runOnlyForDeploymentPostprocessing = 0;
		};
		BCF6C76B25BF15FD008AA01F /* Frameworks */ = {
			isa = PBXFrameworksBuildPhase;
			buildActionMask = 2147483647;
			files = (
			);
			runOnlyForDeploymentPostprocessing = 0;
		};
		BCF6C77625BF15FD008AA01F /* Frameworks */ = {
			isa = PBXFrameworksBuildPhase;
			buildActionMask = 2147483647;
			files = (
			);
			runOnlyForDeploymentPostprocessing = 0;
		};
/* End PBXFrameworksBuildPhase section */

/* Begin PBXGroup section */
		BCF6C74F25BF15FB008AA01F = {
			isa = PBXGroup;
			children = (
				BCF6C75A25BF15FB008AA01F /* WHLCamera */,
				BCF6C77125BF15FD008AA01F /* WHLCameraTests */,
				BCF6C77C25BF15FD008AA01F /* WHLCameraUITests */,
				BCF6C75925BF15FB008AA01F /* Products */,
			);
			sourceTree = "<group>";
		};
		BCF6C75925BF15FB008AA01F /* Products */ = {
			isa = PBXGroup;
			children = (
				BCF6C75825BF15FB008AA01F /* WHLCamera.app */,
				BCF6C76E25BF15FD008AA01F /* WHLCameraTests.xctest */,
				BCF6C77925BF15FD008AA01F /* WHLCameraUITests.xctest */,
			);
			name = Products;
			sourceTree = "<group>";
		};
		BCF6C75A25BF15FB008AA01F /* WHLCamera */ = {
			isa = PBXGroup;
			children = (
				BCF6C75B25BF15FB008AA01F /* AppDelegate.h */,
				BCF6C75C25BF15FB008AA01F /* AppDelegate.m */,
				BCF6C75E25BF15FB008AA01F /* ViewController.h */,
				BCF6C75F25BF15FB008AA01F /* ViewController.m */,
				BCF6C76125BF15FD008AA01F /* Assets.xcassets */,
				BCF6C76325BF15FD008AA01F /* Main.storyboard */,
				BCF6C76625BF15FD008AA01F /* Info.plist */,
				BCF6C76725BF15FD008AA01F /* main.m */,
				BCF6C76925BF15FD008AA01F /* WHLCamera.entitlements */,
			);
			path = WHLCamera;
			sourceTree = "<group>";
		};
		BCF6C77125BF15FD008AA01F /* WHLCameraTests */ = {
			isa = PBXGroup;
			children = (
				BCF6C77225BF15FD008AA01F /* WHLCameraTests.m */,
				BCF6C77425BF15FD008AA01F /* Info.plist */,
			);
			path = WHLCameraTests;
			sourceTree = "<group>";
		};
		BCF6C77C25BF15FD008AA01F /* WHLCameraUITests */ = {
			isa = PBXGroup;
			children = (
				BCF6C77D25BF15FD008AA01F /* WHLCameraUITests.m */,
				BCF6C77F25BF15FD008AA01F /* Info.plist */,
			);
			path = WHLCameraUITests;
			sourceTree = "<group>";
		};
/* End PBXGroup section */

/* Begin PBXNativeTarget section */
		BCF6C75725BF15FB008AA01F /* WHLCamera */ = {
			isa = PBXNativeTarget;
			buildConfigurationList = BCF6C78225BF15FD008AA01F /* Build configuration list for PBXNativeTarget "WHLCamera" */;
			buildPhases = (
				BCF6C75425BF15FB008AA01F /* Sources */,
				BCF6C75525BF15FB008AA01F /* Frameworks */,
				BCF6C75625BF15FB008AA01F /* Resources */,
			);
			buildRules = (
			);
			dependencies = (
			);
			name = WHLCamera;
			productName = WHLCamera;
			productReference = BCF6C75825BF15FB008AA01F /* WHLCamera.app */;
			productType = "com.apple.product-type.application";
		};
		BCF6C76D25BF15FD008AA01F /* WHLCameraTests */ = {
			isa = PBXNativeTarget;
			buildConfigurationList = BCF6C78525BF15FD008AA01F /* Build configuration list for PBXNativeTarget "WHLCameraTests" */;
			buildPhases = (
				BCF6C76A25BF15FD008AA01F /* Sources */,
				BCF6C76B25BF15FD008AA01F /* Frameworks */,
				BCF6C76C25BF15FD008AA01F /* Resources */,
			);
			buildRules = (
			);
			dependencies = (
				BCF6C77025BF15FD008AA01F /* PBXTargetDependency */,
			);
			name = WHLCameraTests;
			productName = WHLCameraTests;
			productReference = BCF6C76E25BF15FD008AA01F /* WHLCameraTests.xctest */;
			productType = "com.apple.product-type.bundle.unit-test";
		};
		BCF6C77825BF15FD008AA01F /* WHLCameraUITests */ = {
			isa = PBXNativeTarget;
			buildConfigurationList = BCF6C78825BF15FD008AA01F /* Build configuration list for PBXNativeTarget "WHLCameraUITests" */;
			buildPhases = (
				BCF6C77525BF15FD008AA01F /* Sources */,
				BCF6C77625BF15FD008AA01F /* Frameworks */,
				BCF6C77725BF15FD008AA01F /* Resources */,
			);
			buildRules = (
			);
			dependencies = (
				BCF6C77B25BF15FD008AA01F /* PBXTargetDependency */,
			);
			name = WHLCameraUITests;
			productName = WHLCameraUITests;
			productReference = BCF6C77925BF15FD008AA01F /* WHLCameraUITests.xctest */;
			productType = "com.apple.product-type.bundle.ui-testing";
		};
/* End PBXNativeTarget section */

/* Begin PBXProject section */
		BCF6C75025BF15FB008AA01F /* Project object */ = {
			isa = PBXProject;
			attributes = {
				LastUpgradeCheck = 1230;
				TargetAttributes = {
					BCF6C75725BF15FB008AA01F = {
						CreatedOnToolsVersion = 12.3;
					};
					BCF6C76D25BF15FD008AA01F = {
						CreatedOnToolsVersion = 12.3;
						TestTargetID = BCF6C75725BF15FB008AA01F;
					};
					BCF6C77825BF15FD008AA01F = {
						CreatedOnToolsVersion = 12.3;
						TestTargetID = BCF6C75725BF15FB008AA01F;
					};
				};
			};
			buildConfigurationList = BCF6C75325BF15FB008AA01F /* Build configuration list for PBXProject "WHLCamera" */;
			compatibilityVersion = "Xcode 9.3";
			developmentRegion = en;
			hasScannedForEncodings = 0;
			knownRegions = (
				en,
				Base,
			);
			mainGroup = BCF6C74F25BF15FB008AA01F;
			productRefGroup = BCF6C75925BF15FB008AA01F /* Products */;
			projectDirPath = "";
			projectRoot = "";
			targets = (
				BCF6C75725BF15FB008AA01F /* WHLCamera */,
				BCF6C76D25BF15FD008AA01F /* WHLCameraTests */,
				BCF6C77825BF15FD008AA01F /* WHLCameraUITests */,
			);
		};
/* End PBXProject section */

/* Begin PBXResourcesBuildPhase section */
		BCF6C75625BF15FB008AA01F /* Resources */ = {
			isa = PBXResourcesBuildPhase;
			buildActionMask = 2147483647;
			files = (
				BCF6C76225BF15FD008AA01F /* Assets.xcassets in Resources */,
				BCF6C76525BF15FD008AA01F /* Main.storyboard in Resources */,
			);
			runOnlyForDeploymentPostprocessing = 0;
		};
		BCF6C76C25BF15FD008AA01F /* Resources */ = {
			isa = PBXResourcesBuildPhase;
			buildActionMask = 2147483647;
			files = (
			);
			runOnlyForDeploymentPostprocessing = 0;
		};
		BCF6C77725BF15FD008AA01F /* Resources */ = {
			isa = PBXResourcesBuildPhase;
			buildActionMask = 2147483647;
			files = (
			);
			runOnlyForDeploymentPostprocessing = 0;
		};
/* End PBXResourcesBuildPhase section */

/* Begin PBXSourcesBuildPhase section */
		BCF6C75425BF15FB008AA01F /* Sources */ = {
			isa = PBXSourcesBuildPhase;
			buildActionMask = 2147483647;
			files = (
				BCF6C76025BF15FB008AA01F /* ViewController.m in Sources */,
				BCF6C76825BF15FD008AA01F /* main.m in Sources */,
				BCF6C75D25BF15FB008AA01F /* AppDelegate.m in Sources */,
			);
			runOnlyForDeploymentPostprocessing = 0;
		};
		BCF6C76A25BF15FD008AA01F /* Sources */ = {
			isa = PBXSourcesBuildPhase;
			buildActionMask = 2147483647;
			files = (
				BCF6C77325BF15FD008AA01F /* WHLCameraTests.m in Sources */,
			);
			runOnlyForDeploymentPostprocessing = 0;
		};
		BCF6C77525BF15FD008AA01F /* Sources */ = {
			isa = PBXSourcesBuildPhase;
			buildActionMask = 2147483647;
			files = (
				BCF6C77E25BF15FD008AA01F /* WHLCameraUITests.m in Sources */,
			);
			runOnlyForDeploymentPostprocessing = 0;
		};
/* End PBXSourcesBuildPhase section */

/* Begin PBXTargetDependency section */
		BCF6C77025BF15FD008AA01F /* PBXTargetDependency */ = {
			isa = PBXTargetDependency;
			target = BCF6C75725BF15FB008AA01F /* WHLCamera */;
			targetProxy = BCF6C76F25BF15FD008AA01F /* PBXContainerItemProxy */;
		};
		BCF6C77B25BF15FD008AA01F /* PBXTargetDependency */ = {
			isa = PBXTargetDependency;
			target = BCF6C75725BF15FB008AA01F /* WHLCamera */;
			targetProxy = BCF6C77A25BF15FD008AA01F /* PBXContainerItemProxy */;
		};
/* End PBXTargetDependency section */

/* Begin PBXVariantGroup section */
		BCF6C76325BF15FD008AA01F /* Main.storyboard */ = {
			isa = PBXVariantGroup;
			children = (
				BCF6C76425BF15FD008AA01F /* Base */,
			);
			name = Main.storyboard;
			sourceTree = "<group>";
		};
/* End PBXVariantGroup section */

/* Begin XCBuildConfiguration section */
		BCF6C78025BF15FD008AA01F /* Debug */ = {
			isa = XCBuildConfiguration;
			buildSettings = {
				ALWAYS_SEARCH_USER_PATHS = NO;
				CLANG_ANALYZER_NONNULL = YES;
				CLANG_ANALYZER_NUMBER_OBJECT_CONVERSION = YES_AGGRESSIVE;
				CLANG_CXX_LANGUAGE_STANDARD = "gnu++14";
				CLANG_CXX_LIBRARY = "libc++";
				CLANG_ENABLE_MODULES = YES;
				CLANG_ENABLE_OBJC_ARC = YES;
				CLANG_ENABLE_OBJC_WEAK = YES;
				CLANG_WARN_BLOCK_CAPTURE_AUTORELEASING = YES;
				CLANG_WARN_BOOL_CONVERSION = YES;
				CLANG_WARN_COMMA = YES;
				CLANG_WARN_CONSTANT_CONVERSION = YES;
				CLANG_WARN_DEPRECATED_OBJC_IMPLEMENTATIONS = YES;
				CLANG_WARN_DIRECT_OBJC_ISA_USAGE = YES_ERROR;
				CLANG_WARN_DOCUMENTATION_COMMENTS = YES;
				CLANG_WARN_EMPTY_BODY = YES;
				CLANG_WARN_ENUM_CONVERSION = YES;
				CLANG_WARN_INFINITE_RECURSION = YES;
				CLANG_WARN_INT_CONVERSION = YES;
				CLANG_WARN_NON_LITERAL_NULL_CONVERSION = YES;
				CLANG_WARN_OBJC_IMPLICIT_RETAIN_SELF = YES;
				CLANG_WARN_OBJC_LITERAL_CONVERSION = YES;
				CLANG_WARN_OBJC_ROOT_CLASS = YES_ERROR;
				CLANG_WARN_QUOTED_INCLUDE_IN_FRAMEWORK_HEADER = YES;
				CLANG_WARN_RANGE_LOOP_ANALYSIS = YES;
				CLANG_WARN_STRICT_PROTOTYPES = YES;
				CLANG_WARN_SUSPICIOUS_MOVE = YES;
				CLANG_WARN_UNGUARDED_AVAILABILITY = YES_AGGRESSIVE;
				CLANG_WARN_UNREACHABLE_CODE = YES;
				CLANG_WARN__DUPLICATE_METHOD_MATCH = YES;
				COPY_PHASE_STRIP = NO;
				DEBUG_INFORMATION_FORMAT = dwarf;
				ENABLE_STRICT_OBJC_MSGSEND = YES;
				ENABLE_TESTABILITY = YES;
				GCC_C_LANGUAGE_STANDARD = gnu11;
				GCC_DYNAMIC_NO_PIC = NO;
				GCC_NO_COMMON_BLOCKS = YES;
				GCC_OPTIMIZATION_LEVEL = 0;
				GCC_PREPROCESSOR_DEFINITIONS = (
					"DEBUG=1",
					"$(inherited)",
				);
				GCC_WARN_64_TO_32_BIT_CONVERSION = YES;
				GCC_WARN_ABOUT_RETURN_TYPE = YES_ERROR;
				GCC_WARN_UNDECLARED_SELECTOR = YES;
				GCC_WARN_UNINITIALIZED_AUTOS = YES_AGGRESSIVE;
				GCC_WARN_UNUSED_FUNCTION = YES;
				GCC_WARN_UNUSED_VARIABLE = YES;
				MACOSX_DEPLOYMENT_TARGET = 10.15;
				MTL_ENABLE_DEBUG_INFO = INCLUDE_SOURCE;
				MTL_FAST_MATH = YES;
				ONLY_ACTIVE_ARCH = YES;
				SDKROOT = macosx;
			};
			name = Debug;
		};
		BCF6C78125BF15FD008AA01F /* Release */ = {
			isa = XCBuildConfiguration;
			buildSettings = {
				ALWAYS_SEARCH_USER_PATHS = NO;
				CLANG_ANALYZER_NONNULL = YES;
				CLANG_ANALYZER_NUMBER_OBJECT_CONVERSION = YES_AGGRESSIVE;
				CLANG_CXX_LANGUAGE_STANDARD = "gnu++14";
				CLANG_CXX_LIBRARY = "libc++";
				CLANG_ENABLE_MODULES = YES;
				CLANG_ENABLE_OBJC_ARC = YES;
				CLANG_ENABLE_OBJC_WEAK = YES;
				CLANG_WARN_BLOCK_CAPTURE_AUTORELEASING = YES;
				CLANG_WARN_BOOL_CONVERSION = YES;
				CLANG_WARN_COMMA = YES;
				CLANG_WARN_CONSTANT_CONVERSION = YES;
				CLANG_WARN_DEPRECATED_OBJC_IMPLEMENTATIONS = YES;
				CLANG_WARN_DIRECT_OBJC_ISA_USAGE = YES_ERROR;
				CLANG_WARN_DOCUMENTATION_COMMENTS = YES;
				CLANG_WARN_EMPTY_BODY = YES;
				CLANG_WARN_ENUM_CONVERSION = YES;
				CLANG_WARN_INFINITE_RECURSION = YES;
				CLANG_WARN_INT_CONVERSION = YES;
				CLANG_WARN_NON_LITERAL_NULL_CONVERSION = YES;
				CLANG_WARN_OBJC_IMPLICIT_RETAIN_SELF = YES;
				CLANG_WARN_OBJC_LITERAL_CONVERSION = YES;
				CLANG_WARN_OBJC_ROOT_CLASS = YES_ERROR;
				CLANG_WARN_QUOTED_INCLUDE_IN_FRAMEWORK_HEADER = YES;
				CLANG_WARN_RANGE_LOOP_ANALYSIS = YES;
				CLANG_WARN_STRICT_PROTOTYPES = YES;
				CLANG_WARN_SUSPICIOUS_MOVE = YES;
				CLANG_WARN_UNGUARDED_AVAILABILITY = YES_AGGRESSIVE;
				CLANG_WARN_UNREACHABLE_CODE = YES;
				CLANG_WARN__DUPLICATE_METHOD_MATCH = YES;
				COPY_PHASE_STRIP = NO;
				DEBUG_INFORMATION_FORMAT = "dwarf-with-dsym";
				ENABLE_NS_ASSERTIONS = NO;
				ENABLE_STRICT_OBJC_MSGSEND = YES;
				GCC_C_LANGUAGE_STANDARD = gnu11;
				GCC_NO_COMMON_BLOCKS = YES;
				GCC_WARN_64_TO_32_BIT_CONVERSION = YES;
				GCC_WARN_ABOUT_RETURN_TYPE = YES_ERROR;
				GCC_WARN_UNDECLARED_SELECTOR = YES;
				GCC_WARN_UNINITIALIZED_AUTOS = YES_AGGRESSIVE;
				GCC_WARN_UNUSED_FUNCTION = YES;
				GCC_WARN_UNUSED_VARIABLE = YES;
				MACOSX_DEPLOYMENT_TARGET = 10.15;
				MTL_ENABLE_DEBUG_INFO = NO;
				MTL_FAST_MATH = YES;
				SDKROOT = macosx;
			};
			name = Release;
		};
		BCF6C78325BF15FD008AA01F /* Debug */ = {
			isa = XCBuildConfiguration;
			buildSettings = {
				ASSETCATALOG_COMPILER_APPICON_NAME = AppIcon;
				ASSETCATALOG_COMPILER_GLOBAL_ACCENT_COLOR_NAME = AccentColor;
				CODE_SIGN_ENTITLEMENTS = WHLCamera/WHLCamera.entitlements;
				CODE_SIGN_STYLE = Automatic;
				COMBINE_HIDPI_IMAGES = YES;
				DEVELOPMENT_TEAM = A5CQR3946V;
				ENABLE_HARDENED_RUNTIME = YES;
				INFOPLIST_FILE = WHLCamera/Info.plist;
				LD_RUNPATH_SEARCH_PATHS = (
					"$(inherited)",
					"@executable_path/../Frameworks",
				);
				PRODUCT_BUNDLE_IDENTIFIER = com.whl.ios.WHLCamera;
				PRODUCT_NAME = "$(TARGET_NAME)";
			};
			name = Debug;
		};
		BCF6C78425BF15FD008AA01F /* Release */ = {
			isa = XCBuildConfiguration;
			buildSettings = {
				ASSETCATALOG_COMPILER_APPICON_NAME = AppIcon;
				ASSETCATALOG_COMPILER_GLOBAL_ACCENT_COLOR_NAME = AccentColor;
				CODE_SIGN_ENTITLEMENTS = WHLCamera/WHLCamera.entitlements;
				CODE_SIGN_STYLE = Automatic;
				COMBINE_HIDPI_IMAGES = YES;
				DEVELOPMENT_TEAM = A5CQR3946V;
				ENABLE_HARDENED_RUNTIME = YES;
				INFOPLIST_FILE = WHLCamera/Info.plist;
				LD_RUNPATH_SEARCH_PATHS = (
					"$(inherited)",
					"@executable_path/../Frameworks",
				);
				PRODUCT_BUNDLE_IDENTIFIER = com.whl.ios.WHLCamera;
				PRODUCT_NAME = "$(TARGET_NAME)";
			};
			name = Release;
		};
		BCF6C78625BF15FD008AA01F /* Debug */ = {
			isa = XCBuildConfiguration;
			buildSettings = {
				BUNDLE_LOADER = "$(TEST_HOST)";
				CODE_SIGN_STYLE = Automatic;
				COMBINE_HIDPI_IMAGES = YES;
				DEVELOPMENT_TEAM = A5CQR3946V;
				INFOPLIST_FILE = WHLCameraTests/Info.plist;
				LD_RUNPATH_SEARCH_PATHS = (
					"$(inherited)",
					"@executable_path/../Frameworks",
					"@loader_path/../Frameworks",
				);
				MACOSX_DEPLOYMENT_TARGET = 10.15;
				PRODUCT_BUNDLE_IDENTIFIER = com.whl.ios.WHLCameraTests;
				PRODUCT_NAME = "$(TARGET_NAME)";
				TEST_HOST = "$(BUILT_PRODUCTS_DIR)/WHLCamera.app/Contents/MacOS/WHLCamera";
			};
			name = Debug;
		};
		BCF6C78725BF15FD008AA01F /* Release */ = {
			isa = XCBuildConfiguration;
			buildSettings = {
				BUNDLE_LOADER = "$(TEST_HOST)";
				CODE_SIGN_STYLE = Automatic;
				COMBINE_HIDPI_IMAGES = YES;
				DEVELOPMENT_TEAM = A5CQR3946V;
				INFOPLIST_FILE = WHLCameraTests/Info.plist;
				LD_RUNPATH_SEARCH_PATHS = (
					"$(inherited)",
					"@executable_path/../Frameworks",
					"@loader_path/../Frameworks",
				);
				MACOSX_DEPLOYMENT_TARGET = 10.15;
				PRODUCT_BUNDLE_IDENTIFIER = com.whl.ios.WHLCameraTests;
				PRODUCT_NAME = "$(TARGET_NAME)";
				TEST_HOST = "$(BUILT_PRODUCTS_DIR)/WHLCamera.app/Contents/MacOS/WHLCamera";
			};
			name = Release;
		};
		BCF6C78925BF15FD008AA01F /* Debug */ = {
			isa = XCBuildConfiguration;
			buildSettings = {
				CODE_SIGN_STYLE = Automatic;
				COMBINE_HIDPI_IMAGES = YES;
				DEVELOPMENT_TEAM = A5CQR3946V;
				INFOPLIST_FILE = WHLCameraUITests/Info.plist;
				LD_RUNPATH_SEARCH_PATHS = (
					"$(inherited)",
					"@executable_path/../Frameworks",
					"@loader_path/../Frameworks",
				);
				PRODUCT_BUNDLE_IDENTIFIER = com.whl.ios.WHLCameraUITests;
				PRODUCT_NAME = "$(TARGET_NAME)";
				TEST_TARGET_NAME = WHLCamera;
			};
			name = Debug;
		};
		BCF6C78A25BF15FD008AA01F /* Release */ = {
			isa = XCBuildConfiguration;
			buildSettings = {
				CODE_SIGN_STYLE = Automatic;
				COMBINE_HIDPI_IMAGES = YES;
				DEVELOPMENT_TEAM = A5CQR3946V;
				INFOPLIST_FILE = WHLCameraUITests/Info.plist;
				LD_RUNPATH_SEARCH_PATHS = (
					"$(inherited)",
					"@executable_path/../Frameworks",
					"@loader_path/../Frameworks",
				);
				PRODUCT_BUNDLE_IDENTIFIER = com.whl.ios.WHLCameraUITests;
				PRODUCT_NAME = "$(TARGET_NAME)";
				TEST_TARGET_NAME = WHLCamera;
			};
			name = Release;
		};
/* End XCBuildConfiguration section */

/* Begin XCConfigurationList section */
		BCF6C75325BF15FB008AA01F /* Build configuration list for PBXProject "WHLCamera" */ = {
			isa = XCConfigurationList;
			buildConfigurations = (
				BCF6C78025BF15FD008AA01F /* Debug */,
				BCF6C78125BF15FD008AA01F /* Release */,
			);
			defaultConfigurationIsVisible = 0;
			defaultConfigurationName = Release;
		};
		BCF6C78225BF15FD008AA01F /* Build configuration list for PBXNativeTarget "WHLCamera" */ = {
			isa = XCConfigurationList;
			buildConfigurations = (
				BCF6C78325BF15FD008AA01F /* Debug */,
				BCF6C78425BF15FD008AA01F /* Release */,
			);
			defaultConfigurationIsVisible = 0;
			defaultConfigurationName = Release;
		};
		BCF6C78525BF15FD008AA01F /* Build configuration list for PBXNativeTarget "WHLCameraTests" */ = {
			isa = XCConfigurationList;
			buildConfigurations = (
				BCF6C78625BF15FD008AA01F /* Debug */,
				BCF6C78725BF15FD008AA01F /* Release */,
			);
			defaultConfigurationIsVisible = 0;
			defaultConfigurationName = Release;
		};
		BCF6C78825BF15FD008AA01F /* Build configuration list for PBXNativeTarget "WHLCameraUITests" */ = {
			isa = XCConfigurationList;
			buildConfigurations = (
				BCF6C78925BF15FD008AA01F /* Debug */,
				BCF6C78A25BF15FD008AA01F /* Release */,
			);
			defaultConfigurationIsVisible = 0;
			defaultConfigurationName = Release;
		};
/* End XCConfigurationList section */
	};
	rootObject = BCF6C75025BF15FB008AA01F /* Project object */;
}
